
Microsoft Visual Studio Solution File, Format Version 12.00
# Visual Studio Version 17
VisualStudioVersion = 17.11.35327.3
MinimumVisualStudioVersion = 10.0.40219.1
Project("{9A19103F-16F7-4668-BE54-9A1E7A4F7556}") = "EventManagementSystemAPI", "EventManagementSystemAPI\EventManagementSystemAPI.csproj", "{37500333-8F08-4DD2-82C5-F113A93DBB9C}"
	ProjectSection(ProjectDependencies) = postProject
		{E8C4637F-0501-42CE-BE32-608F5526350C} = {E8C4637F-0501-42CE-BE32-608F5526350C}
		{EE2B7AB2-B522-4F83-A394-342910E045D3} = {EE2B7AB2-B522-4F83-A394-342910E045D3}
	EndProjectSection
EndProject
Project("{9A19103F-16F7-4668-BE54-9A1E7A4F7556}") = "EventManagementSystem.Core", "EventManagementSystem.Core\EventManagementSystem.Core.csproj", "{E8C4637F-0501-42CE-BE32-608F5526350C}"
EndProject
Project("{9A19103F-16F7-4668-BE54-9A1E7A4F7556}") = "EventManagementSystem.DAL", "EventManagementSystem.DAL\EventManagementSystem.DAL.csproj", "{95E6A080-7726-4C2A-A857-0412CF0D5412}"
	ProjectSection(ProjectDependencies) = postProject
		{E8C4637F-0501-42CE-BE32-608F5526350C} = {E8C4637F-0501-42CE-BE32-608F5526350C}
	EndProjectSection
EndProject
Project("{9A19103F-16F7-4668-BE54-9A1E7A4F7556}") = "EventManagementSystem.BLL", "EventManagementSystem.BLL\EventManagementSystem.BLL.csproj", "{EE2B7AB2-B522-4F83-A394-342910E045D3}"
	ProjectSection(ProjectDependencies) = postProject
		{95E6A080-7726-4C2A-A857-0412CF0D5412} = {95E6A080-7726-4C2A-A857-0412CF0D5412}
		{E8C4637F-0501-42CE-BE32-608F5526350C} = {E8C4637F-0501-42CE-BE32-608F5526350C}
	EndProjectSection
EndProject
Project("{2150E333-8FDC-42A3-9474-1A3956D46DE8}") = "tests", "tests", "{EADDA7CB-E936-4432-8969-313610F906AA}"
EndProject
Project("{2150E333-8FDC-42A3-9474-1A3956D46DE8}") = "src", "src", "{AC63FDD8-4B1B-45B7-86CD-BAB6EBF63EEA}"
EndProject
Project("{FAE04EC0-301F-11D3-BF4B-00C04F79EFBC}") = "EventManagementSystem.BLL.Tetst", "EventManagementSystem.BLL.Tetst\EventManagementSystem.BLL.Tetst.csproj", "{A4B62CF1-1228-4577-882C-B93DE160CEDA}"
EndProject
Global
	GlobalSection(SolutionConfigurationPlatforms) = preSolution
		Debug|Any CPU = Debug|Any CPU
		Release|Any CPU = Release|Any CPU
	EndGlobalSection
	GlobalSection(ProjectConfigurationPlatforms) = postSolution
		{37500333-8F08-4DD2-82C5-F113A93DBB9C}.Debug|Any CPU.ActiveCfg = Debug|Any CPU
		{37500333-8F08-4DD2-82C5-F113A93DBB9C}.Debug|Any CPU.Build.0 = Debug|Any CPU
		{37500333-8F08-4DD2-82C5-F113A93DBB9C}.Release|Any CPU.ActiveCfg = Release|Any CPU
		{37500333-8F08-4DD2-82C5-F113A93DBB9C}.Release|Any CPU.Build.0 = Release|Any CPU
		{E8C4637F-0501-42CE-BE32-608F5526350C}.Debug|Any CPU.ActiveCfg = Debug|Any CPU
		{E8C4637F-0501-42CE-BE32-608F5526350C}.Debug|Any CPU.Build.0 = Debug|Any CPU
		{E8C4637F-0501-42CE-BE32-608F5526350C}.Release|Any CPU.ActiveCfg = Release|Any CPU
		{E8C4637F-0501-42CE-BE32-608F5526350C}.Release|Any CPU.Build.0 = Release|Any CPU
		{95E6A080-7726-4C2A-A857-0412CF0D5412}.Debug|Any CPU.ActiveCfg = Debug|Any CPU
		{95E6A080-7726-4C2A-A857-0412CF0D5412}.Debug|Any CPU.Build.0 = Debug|Any CPU
		{95E6A080-7726-4C2A-A857-0412CF0D5412}.Release|Any CPU.ActiveCfg = Release|Any CPU
		{95E6A080-7726-4C2A-A857-0412CF0D5412}.Release|Any CPU.Build.0 = Release|Any CPU
		{EE2B7AB2-B522-4F83-A394-342910E045D3}.Debug|Any CPU.ActiveCfg = Debug|Any CPU
		{EE2B7AB2-B522-4F83-A394-342910E045D3}.Debug|Any CPU.Build.0 = Debug|Any CPU
		{EE2B7AB2-B522-4F83-A394-342910E045D3}.Release|Any CPU.ActiveCfg = Release|Any CPU
		{EE2B7AB2-B522-4F83-A394-342910E045D3}.Release|Any CPU.Build.0 = Release|Any CPU
		{A4B62CF1-1228-4577-882C-B93DE160CEDA}.Debug|Any CPU.ActiveCfg = Debug|Any CPU
		{A4B62CF1-1228-4577-882C-B93DE160CEDA}.Debug|Any CPU.Build.0 = Debug|Any CPU
		{A4B62CF1-1228-4577-882C-B93DE160CEDA}.Release|Any CPU.ActiveCfg = Release|Any CPU
		{A4B62CF1-1228-4577-882C-B93DE160CEDA}.Release|Any CPU.Build.0 = Release|Any CPU
	EndGlobalSection
	GlobalSection(SolutionProperties) = preSolution
		HideSolutionNode = FALSE
	EndGlobalSection
	GlobalSection(NestedProjects) = preSolution
		{A4B62CF1-1228-4577-882C-B93DE160CEDA} = {EADDA7CB-E936-4432-8969-313610F906AA}
	EndGlobalSection
	GlobalSection(ExtensibilityGlobals) = postSolution
		SolutionGuid = {A58CFF67-520B-4322-A8E3-00D96552FAF6}
	EndGlobalSection
EndGlobal
